
Microsoft Visual Studio Solution File, Format Version 12.00
# Visual Studio Version 17
VisualStudioVersion = 17.7.34024.191
MinimumVisualStudioVersion = 10.0.40219.1
Project("{FAE04EC0-301F-11D3-BF4B-00C04F79EFBC}") = "CharacterAI-Discord-Bot", "CharacterAI-Discord-Bot.csproj", "{375CD535-ADC3-4038-BAC1-0C6B6BE5EC93}"
EndProject
Global
	GlobalSection(SolutionConfigurationPlatforms) = preSolution
		Debug|Any CPU = Debug|Any CPU
		Release|Any CPU = Release|Any CPU
	EndGlobalSection
	GlobalSection(ProjectConfigurationPlatforms) = postSolution
		{375CD535-ADC3-4038-BAC1-0C6B6BE5EC93}.Debug|Any CPU.ActiveCfg = Debug|Any CPU
		{375CD535-ADC3-4038-BAC1-0C6B6BE5EC93}.Debug|Any CPU.Build.0 = Debug|Any CPU
		{375CD535-ADC3-4038-BAC1-0C6B6BE5EC93}.Release|Any CPU.ActiveCfg = Release|Any CPU
		{375CD535-ADC3-4038-BAC1-0C6B6BE5EC93}.Release|Any CPU.Build.0 = Release|Any CPU
	EndGlobalSection
	GlobalSection(SolutionProperties) = preSolution
		HideSolutionNode = FALSE
	EndGlobalSection
	GlobalSection(ExtensibilityGlobals) = postSolution
		SolutionGuid = {19F7BF4D-F2B1-45CB-A74F-8CF123AE9FC9}
	EndGlobalSection
EndGlobal
